
Microsoft Visual Studio Solution File, Format Version 12.00
# Visual Studio Version 17
VisualStudioVersion = 17.11.35327.3
MinimumVisualStudioVersion = 10.0.40219.1
Project("{FAE04EC0-301F-11D3-BF4B-00C04F79EFBC}") = "1.-Ejercicios", "1.-Ejercicios\1.-Ejercicios.csproj", "{2376143C-8EC2-4659-A7BD-CCEACDDFF6DA}"
EndProject
Global
	GlobalSection(SolutionConfigurationPlatforms) = preSolution
		Debug|Any CPU = Debug|Any CPU
		Release|Any CPU = Release|Any CPU
	EndGlobalSection
	GlobalSection(ProjectConfigurationPlatforms) = postSolution
		{2376143C-8EC2-4659-A7BD-CCEACDDFF6DA}.Debug|Any CPU.ActiveCfg = Debug|Any CPU
		{2376143C-8EC2-4659-A7BD-CCEACDDFF6DA}.Debug|Any CPU.Build.0 = Debug|Any CPU
		{2376143C-8EC2-4659-A7BD-CCEACDDFF6DA}.Release|Any CPU.ActiveCfg = Release|Any CPU
		{2376143C-8EC2-4659-A7BD-CCEACDDFF6DA}.Release|Any CPU.Build.0 = Release|Any CPU
	EndGlobalSection
	GlobalSection(SolutionProperties) = preSolution
		HideSolutionNode = FALSE
	EndGlobalSection
	GlobalSection(ExtensibilityGlobals) = postSolution
		SolutionGuid = {43921171-A747-443E-9269-E1CBEA5BC55B}
	EndGlobalSection
EndGlobal
