
Microsoft Visual Studio Solution File, Format Version 12.00
# Visual Studio Version 17
VisualStudioVersion = 17.11.35327.3
MinimumVisualStudioVersion = 10.0.40219.1
Project("{FAE04EC0-301F-11D3-BF4B-00C04F79EFBC}") = "6.-Ejercicios", "6.-Ejercicios\6.-Ejercicios.csproj", "{6C657A02-4E3B-4206-8BC9-7EADFB64BF21}"
EndProject
Global
	GlobalSection(SolutionConfigurationPlatforms) = preSolution
		Debug|Any CPU = Debug|Any CPU
		Release|Any CPU = Release|Any CPU
	EndGlobalSection
	GlobalSection(ProjectConfigurationPlatforms) = postSolution
		{6C657A02-4E3B-4206-8BC9-7EADFB64BF21}.Debug|Any CPU.ActiveCfg = Debug|Any CPU
		{6C657A02-4E3B-4206-8BC9-7EADFB64BF21}.Debug|Any CPU.Build.0 = Debug|Any CPU
		{6C657A02-4E3B-4206-8BC9-7EADFB64BF21}.Release|Any CPU.ActiveCfg = Release|Any CPU
		{6C657A02-4E3B-4206-8BC9-7EADFB64BF21}.Release|Any CPU.Build.0 = Release|Any CPU
	EndGlobalSection
	GlobalSection(SolutionProperties) = preSolution
		HideSolutionNode = FALSE
	EndGlobalSection
	GlobalSection(ExtensibilityGlobals) = postSolution
		SolutionGuid = {413AC47F-9546-4F03-A963-FCA0C34B1E61}
	EndGlobalSection
EndGlobal
